
Microsoft Visual Studio Solution File, Format Version 12.00
# Visual Studio Version 16
VisualStudioVersion = 16.0.29613.14
MinimumVisualStudioVersion = 10.0.40219.1
Project("{FAE04EC0-301F-11D3-BF4B-00C04F79EFBC}") = "Chipotle", "Chipotle\Chipotle.csproj", "{BDFAA4F3-4E00-411D-8166-E1A93AC5C468}"
EndProject
Project("{2150E333-8FDC-42A3-9474-1A3956D46DE8}") = "Dokumenty", "Dokumenty", "{719FEF3E-AD6A-4BD1-8BAF-DD9A830198A1}"
	ProjectSection(SolutionItems) = preProject
		Popis projektů.txt = Popis projektů.txt
		Todo.txt = Todo.txt
	EndProjectSection
EndProject
Project("{FAE04EC0-301F-11D3-BF4B-00C04F79EFBC}") = "Core", "Core\Core\Core.csproj", "{E4525846-A882-43D8-A581-5C39F0978855}"
EndProject
Project("{FAE04EC0-301F-11D3-BF4B-00C04F79EFBC}") = "Sound", "Sound\Sound\Sound.csproj", "{C15F7CBF-194A-49AC-92EB-E263D64F936E}"
EndProject
Global
	GlobalSection(SolutionConfigurationPlatforms) = preSolution
		Debug|Any CPU = Debug|Any CPU
		Release|Any CPU = Release|Any CPU
	EndGlobalSection
	GlobalSection(ProjectConfigurationPlatforms) = postSolution
		{BDFAA4F3-4E00-411D-8166-E1A93AC5C468}.Debug|Any CPU.ActiveCfg = Debug|Any CPU
		{BDFAA4F3-4E00-411D-8166-E1A93AC5C468}.Debug|Any CPU.Build.0 = Debug|Any CPU
		{BDFAA4F3-4E00-411D-8166-E1A93AC5C468}.Release|Any CPU.ActiveCfg = Release|Any CPU
		{BDFAA4F3-4E00-411D-8166-E1A93AC5C468}.Release|Any CPU.Build.0 = Release|Any CPU
		{E4525846-A882-43D8-A581-5C39F0978855}.Debug|Any CPU.ActiveCfg = Debug|Any CPU
		{E4525846-A882-43D8-A581-5C39F0978855}.Debug|Any CPU.Build.0 = Debug|Any CPU
		{E4525846-A882-43D8-A581-5C39F0978855}.Release|Any CPU.ActiveCfg = Release|Any CPU
		{E4525846-A882-43D8-A581-5C39F0978855}.Release|Any CPU.Build.0 = Release|Any CPU
		{C15F7CBF-194A-49AC-92EB-E263D64F936E}.Debug|Any CPU.ActiveCfg = Debug|Any CPU
		{C15F7CBF-194A-49AC-92EB-E263D64F936E}.Debug|Any CPU.Build.0 = Debug|Any CPU
		{C15F7CBF-194A-49AC-92EB-E263D64F936E}.Release|Any CPU.ActiveCfg = Release|Any CPU
		{C15F7CBF-194A-49AC-92EB-E263D64F936E}.Release|Any CPU.Build.0 = Release|Any CPU
	EndGlobalSection
	GlobalSection(SolutionProperties) = preSolution
		HideSolutionNode = FALSE
	EndGlobalSection
	GlobalSection(ExtensibilityGlobals) = postSolution
		SolutionGuid = {8F4A3CEC-31F3-45B0-8A7F-56FDBBFBC1FF}
	EndGlobalSection
EndGlobal
